{
    "_readme": [
        "This file locks the dependencies of your project to a known state",
        "Read more about it at https://getcomposer.org/doc/01-basic-usage.md#installing-dependencies",
        "This file is @generated automatically"
    ],
    "content-hash": "1fb13f8cf389a2295eed7b9ac7f22547",
    "packages": [
        {
            "name": "imgix/imgix-php",
            "version": "3.3.1",
            "source": {
                "type": "git",
                "url": "https://github.com/imgix/imgix-php.git",
                "reference": "ddb7e427b601bc3534f108180c81292d5b29bc39"
            },
            "dist": {
                "type": "zip",
                "url": "https://api.github.com/repos/imgix/imgix-php/zipball/ddb7e427b601bc3534f108180c81292d5b29bc39",
                "reference": "ddb7e427b601bc3534f108180c81292d5b29bc39",
                "shasum": ""
            },
            "require": {
                "php": ">=7.3"
            },
            "require-dev": {
                "phpunit/phpunit": "*"
            },
            "type": "library",
            "autoload": {
                "psr-0": {
                    "Imgix\\": "src/"
                }
            },
            "notification-url": "https://packagist.org/downloads/",
            "license": [
                "BSD-2-Clause"
            ],
            "description": "A PHP client library for generating URLs with imgix.",
            "keywords": [
                "imgix"
            ],
            "support": {
                "issues": "https://github.com/imgix/imgix-php/issues",
                "source": "https://github.com/imgix/imgix-php/tree/3.3.1"
            },
            "time": "2021-03-25T15:10:34+00:00"
        }
    ],
    "packages-dev": [],
    "aliases": [],
    "minimum-stability": "dev",
    "stability-flags": [],
    "prefer-stable": false,
    "prefer-lowest": false,
    "platform": [],
    "platform-dev": [],
    "plugin-api-version": "2.0.0"
}
